{
  "name": "@dwebid/core",
  "version": "1.0.0",
  "lockfileVersion": 2,
  "requires": true,
  "packages": {
    "": {
      "name": "@dwebid/core",
      "version": "1.0.0",
      "license": "MIT",
      "dependencies": {
        "@dswarm/dwebsign": "^1.0.0",
        "@uswarm/core": "^0.0.1",
        "assert": "^2.0.0",
        "events": "^3.3.0",
        "sodium-native": "^3.2.1"
      }
    },
    "node_modules/@dswarm/dht": {
      "version": "1.0.1",
      "license": "MIT",
      "dependencies": {
        "@dswarm/dwebsign": "^1.0.0",
        "dht-rpc": "^4.8.0",
        "end-of-stream": "^1.4.1",
        "guard-timeout": "^2.0.0",
        "hashlru": "^2.3.0",
        "protocol-buffers-encodings": "^1.1.0",
        "record-cache": "^1.1.0",
        "sodium-native": "^3.1.1"
      }
    },
    "node_modules/@dswarm/dwebsign": {
      "version": "1.0.0",
      "license": "MIT",
      "dependencies": {
        "sodium-native": "^3.1.1",
        "sodium-universal": "^3.0.4"
      }
    },
    "node_modules/@uswarm/core": {
      "version": "0.0.1",
      "license": "MIT",
      "dependencies": {
        "@dswarm/dht": "^1.0.1",
        "@dswarm/dwebsign": "^1.0.0",
        "assert": "^2.0.0",
        "end-of-stream": "^1.4.4",
        "hashlru": "^2.3.0",
        "sodium-native": "^3.2.1",
        "stream": "^0.0.2"
      }
    },
    "node_modules/array-filter": {
      "version": "1.0.0",
      "license": "MIT"
    },
    "node_modules/assert": {
      "version": "2.0.0",
      "license": "MIT",
      "dependencies": {
        "es6-object-assign": "^1.1.0",
        "is-nan": "^1.2.1",
        "object-is": "^1.0.1",
        "util": "^0.12.0"
      }
    },
    "node_modules/available-typed-arrays": {
      "version": "1.0.2",
      "license": "MIT",
      "dependencies": {
        "array-filter": "^1.0.0"
      },
      "engines": {
        "node": ">= 0.4"
      },
      "funding": {
        "url": "https://github.com/sponsors/ljharb"
      }
    },
    "node_modules/blake2b": {
      "version": "2.1.3",
      "license": "ISC",
      "dependencies": {
        "blake2b-wasm": "^1.1.0",
        "nanoassert": "^1.0.0"
      }
    },
    "node_modules/blake2b-universal": {
      "version": "1.0.1",
      "license": "MIT",
      "dependencies": {
        "blake2b": "^2.1.3",
        "sodium-native": "^3.0.1"
      }
    },
    "node_modules/blake2b-wasm": {
      "version": "1.1.7",
      "license": "MIT",
      "dependencies": {
        "nanoassert": "^1.0.0"
      }
    },
    "node_modules/blake2b-wasm/node_modules/nanoassert": {
      "version": "1.1.0",
      "license": "ISC"
    },
    "node_modules/blake2b/node_modules/nanoassert": {
      "version": "1.1.0",
      "license": "ISC"
    },
    "node_modules/call-bind": {
      "version": "1.0.2",
      "license": "MIT",
      "dependencies": {
        "function-bind": "^1.1.1",
        "get-intrinsic": "^1.0.2"
      },
      "funding": {
        "url": "https://github.com/sponsors/ljharb"
      }
    },
    "node_modules/chacha20-universal": {
      "version": "1.0.4",
      "license": "ISC",
      "dependencies": {
        "nanoassert": "^2.0.0"
      }
    },
    "node_modules/codecs": {
      "version": "2.2.0",
      "license": "MIT"
    },
    "node_modules/define-properties": {
      "version": "1.1.3",
      "license": "MIT",
      "dependencies": {
        "object-keys": "^1.0.12"
      },
      "engines": {
        "node": ">= 0.4"
      }
    },
    "node_modules/dht-rpc": {
      "version": "4.9.6",
      "license": "MIT",
      "dependencies": {
        "blake2b-universal": "^1.0.0",
        "codecs": "^2.0.0",
        "ipv4-peers": "^2.0.0",
        "k-bucket": "^5.0.0",
        "protocol-buffers-encodings": "^1.1.0",
        "sodium-native": "^3.1.1",
        "speedometer": "^1.1.0",
        "stream-collector": "^1.0.1",
        "time-ordered-set": "^1.0.1",
        "xor-distance": "^2.0.0"
      }
    },
    "node_modules/emitter-component": {
      "version": "1.1.1"
    },
    "node_modules/end-of-stream": {
      "version": "1.4.4",
      "license": "MIT",
      "dependencies": {
        "once": "^1.4.0"
      }
    },
    "node_modules/es-abstract": {
      "version": "1.18.0",
      "license": "MIT",
      "dependencies": {
        "call-bind": "^1.0.2",
        "es-to-primitive": "^1.2.1",
        "function-bind": "^1.1.1",
        "get-intrinsic": "^1.1.1",
        "has": "^1.0.3",
        "has-symbols": "^1.0.2",
        "is-callable": "^1.2.3",
        "is-negative-zero": "^2.0.1",
        "is-regex": "^1.1.2",
        "is-string": "^1.0.5",
        "object-inspect": "^1.9.0",
        "object-keys": "^1.1.1",
        "object.assign": "^4.1.2",
        "string.prototype.trimend": "^1.0.4",
        "string.prototype.trimstart": "^1.0.4",
        "unbox-primitive": "^1.0.0"
      },
      "engines": {
        "node": ">= 0.4"
      },
      "funding": {
        "url": "https://github.com/sponsors/ljharb"
      }
    },
    "node_modules/es-to-primitive": {
      "version": "1.2.1",
      "license": "MIT",
      "dependencies": {
        "is-callable": "^1.1.4",
        "is-date-object": "^1.0.1",
        "is-symbol": "^1.0.2"
      },
      "engines": {
        "node": ">= 0.4"
      },
      "funding": {
        "url": "https://github.com/sponsors/ljharb"
      }
    },
    "node_modules/es6-object-assign": {
      "version": "1.1.0",
      "license": "MIT"
    },
    "node_modules/events": {
      "version": "3.3.0",
      "resolved": "https://registry.npmjs.org/events/-/events-3.3.0.tgz",
      "integrity": "sha512-mQw+2fkQbALzQ7V0MY0IqdnXNOeTtP4r0lN9z7AAawCXgqea7bDii20AYrIBrFd/Hx0M2Ocz6S111CaFkUcb0Q==",
      "engines": {
        "node": ">=0.8.x"
      }
    },
    "node_modules/foreach": {
      "version": "2.0.5",
      "license": "MIT"
    },
    "node_modules/function-bind": {
      "version": "1.1.1",
      "license": "MIT"
    },
    "node_modules/get-intrinsic": {
      "version": "1.1.1",
      "license": "MIT",
      "dependencies": {
        "function-bind": "^1.1.1",
        "has": "^1.0.3",
        "has-symbols": "^1.0.1"
      },
      "funding": {
        "url": "https://github.com/sponsors/ljharb"
      }
    },
    "node_modules/guard-timeout": {
      "version": "2.0.0",
      "license": "MIT",
      "engines": {
        "node": ">=10"
      }
    },
    "node_modules/has": {
      "version": "1.0.3",
      "license": "MIT",
      "dependencies": {
        "function-bind": "^1.1.1"
      },
      "engines": {
        "node": ">= 0.4.0"
      }
    },
    "node_modules/has-bigints": {
      "version": "1.0.1",
      "license": "MIT",
      "funding": {
        "url": "https://github.com/sponsors/ljharb"
      }
    },
    "node_modules/has-symbols": {
      "version": "1.0.2",
      "license": "MIT",
      "engines": {
        "node": ">= 0.4"
      },
      "funding": {
        "url": "https://github.com/sponsors/ljharb"
      }
    },
    "node_modules/hashlru": {
      "version": "2.3.0",
      "license": "MIT"
    },
    "node_modules/inherits": {
      "version": "2.0.4",
      "license": "ISC"
    },
    "node_modules/ini": {
      "version": "1.3.8",
      "license": "ISC"
    },
    "node_modules/ipv4-peers": {
      "version": "2.0.0",
      "license": "MIT"
    },
    "node_modules/is-arguments": {
      "version": "1.1.0",
      "license": "MIT",
      "dependencies": {
        "call-bind": "^1.0.0"
      },
      "engines": {
        "node": ">= 0.4"
      },
      "funding": {
        "url": "https://github.com/sponsors/ljharb"
      }
    },
    "node_modules/is-bigint": {
      "version": "1.0.2",
      "license": "MIT",
      "funding": {
        "url": "https://github.com/sponsors/ljharb"
      }
    },
    "node_modules/is-boolean-object": {
      "version": "1.1.1",
      "license": "MIT",
      "dependencies": {
        "call-bind": "^1.0.2"
      },
      "engines": {
        "node": ">= 0.4"
      },
      "funding": {
        "url": "https://github.com/sponsors/ljharb"
      }
    },
    "node_modules/is-callable": {
      "version": "1.2.3",
      "license": "MIT",
      "engines": {
        "node": ">= 0.4"
      },
      "funding": {
        "url": "https://github.com/sponsors/ljharb"
      }
    },
    "node_modules/is-core-module": {
      "version": "2.4.0",
      "license": "MIT",
      "dependencies": {
        "has": "^1.0.3"
      },
      "funding": {
        "url": "https://github.com/sponsors/ljharb"
      }
    },
    "node_modules/is-date-object": {
      "version": "1.0.4",
      "license": "MIT",
      "engines": {
        "node": ">= 0.4"
      },
      "funding": {
        "url": "https://github.com/sponsors/ljharb"
      }
    },
    "node_modules/is-generator-function": {
      "version": "1.0.9",
      "license": "MIT",
      "engines": {
        "node": ">= 0.4"
      },
      "funding": {
        "url": "https://github.com/sponsors/ljharb"
      }
    },
    "node_modules/is-nan": {
      "version": "1.3.2",
      "license": "MIT",
      "dependencies": {
        "call-bind": "^1.0.0",
        "define-properties": "^1.1.3"
      },
      "engines": {
        "node": ">= 0.4"
      },
      "funding": {
        "url": "https://github.com/sponsors/ljharb"
      }
    },
    "node_modules/is-negative-zero": {
      "version": "2.0.1",
      "license": "MIT",
      "engines": {
        "node": ">= 0.4"
      },
      "funding": {
        "url": "https://github.com/sponsors/ljharb"
      }
    },
    "node_modules/is-number-object": {
      "version": "1.0.5",
      "license": "MIT",
      "engines": {
        "node": ">= 0.4"
      },
      "funding": {
        "url": "https://github.com/sponsors/ljharb"
      }
    },
    "node_modules/is-regex": {
      "version": "1.1.3",
      "license": "MIT",
      "dependencies": {
        "call-bind": "^1.0.2",
        "has-symbols": "^1.0.2"
      },
      "engines": {
        "node": ">= 0.4"
      },
      "funding": {
        "url": "https://github.com/sponsors/ljharb"
      }
    },
    "node_modules/is-string": {
      "version": "1.0.6",
      "license": "MIT",
      "engines": {
        "node": ">= 0.4"
      },
      "funding": {
        "url": "https://github.com/sponsors/ljharb"
      }
    },
    "node_modules/is-symbol": {
      "version": "1.0.4",
      "license": "MIT",
      "dependencies": {
        "has-symbols": "^1.0.2"
      },
      "engines": {
        "node": ">= 0.4"
      },
      "funding": {
        "url": "https://github.com/sponsors/ljharb"
      }
    },
    "node_modules/is-typed-array": {
      "version": "1.1.5",
      "license": "MIT",
      "dependencies": {
        "available-typed-arrays": "^1.0.2",
        "call-bind": "^1.0.2",
        "es-abstract": "^1.18.0-next.2",
        "foreach": "^2.0.5",
        "has-symbols": "^1.0.1"
      },
      "engines": {
        "node": ">= 0.4"
      },
      "funding": {
        "url": "https://github.com/sponsors/ljharb"
      }
    },
    "node_modules/k-bucket": {
      "version": "5.1.0",
      "license": "MIT",
      "dependencies": {
        "randombytes": "^2.1.0"
      }
    },
    "node_modules/nanoassert": {
      "version": "2.0.0",
      "license": "ISC"
    },
    "node_modules/node-gyp-build": {
      "version": "4.2.3",
      "license": "MIT",
      "bin": {
        "node-gyp-build": "bin.js",
        "node-gyp-build-optional": "optional.js",
        "node-gyp-build-test": "build-test.js"
      }
    },
    "node_modules/object-inspect": {
      "version": "1.10.3",
      "license": "MIT",
      "funding": {
        "url": "https://github.com/sponsors/ljharb"
      }
    },
    "node_modules/object-is": {
      "version": "1.1.5",
      "license": "MIT",
      "dependencies": {
        "call-bind": "^1.0.2",
        "define-properties": "^1.1.3"
      },
      "engines": {
        "node": ">= 0.4"
      },
      "funding": {
        "url": "https://github.com/sponsors/ljharb"
      }
    },
    "node_modules/object-keys": {
      "version": "1.1.1",
      "license": "MIT",
      "engines": {
        "node": ">= 0.4"
      }
    },
    "node_modules/object.assign": {
      "version": "4.1.2",
      "license": "MIT",
      "dependencies": {
        "call-bind": "^1.0.0",
        "define-properties": "^1.1.3",
        "has-symbols": "^1.0.1",
        "object-keys": "^1.1.1"
      },
      "engines": {
        "node": ">= 0.4"
      },
      "funding": {
        "url": "https://github.com/sponsors/ljharb"
      }
    },
    "node_modules/once": {
      "version": "1.4.0",
      "license": "ISC",
      "dependencies": {
        "wrappy": "1"
      }
    },
    "node_modules/path-parse": {
      "version": "1.0.6",
      "license": "MIT"
    },
    "node_modules/protocol-buffers-encodings": {
      "version": "1.1.1",
      "license": "MIT",
      "dependencies": {
        "signed-varint": "^2.0.1",
        "varint": "5.0.0"
      }
    },
    "node_modules/randombytes": {
      "version": "2.1.0",
      "license": "MIT",
      "dependencies": {
        "safe-buffer": "^5.1.0"
      }
    },
    "node_modules/record-cache": {
      "version": "1.1.0",
      "license": "MIT"
    },
    "node_modules/resolve": {
      "version": "1.20.0",
      "license": "MIT",
      "dependencies": {
        "is-core-module": "^2.2.0",
        "path-parse": "^1.0.6"
      },
      "funding": {
        "url": "https://github.com/sponsors/ljharb"
      }
    },
    "node_modules/safe-buffer": {
      "version": "5.2.1",
      "funding": [
        {
          "type": "github",
          "url": "https://github.com/sponsors/feross"
        },
        {
          "type": "patreon",
          "url": "https://www.patreon.com/feross"
        },
        {
          "type": "consulting",
          "url": "https://feross.org/support"
        }
      ],
      "license": "MIT"
    },
    "node_modules/sha256-universal": {
      "version": "1.1.2",
      "license": "ISC",
      "dependencies": {
        "sha256-wasm": "^2.2.1"
      }
    },
    "node_modules/sha256-wasm": {
      "version": "2.2.1",
      "license": "ISC",
      "dependencies": {
        "nanoassert": "^2.0.0"
      }
    },
    "node_modules/sha512-universal": {
      "version": "1.1.2",
      "license": "ISC",
      "dependencies": {
        "sha512-wasm": "^2.3.1"
      }
    },
    "node_modules/sha512-wasm": {
      "version": "2.3.1",
      "license": "ISC",
      "dependencies": {
        "nanoassert": "^2.0.0"
      }
    },
    "node_modules/signed-varint": {
      "version": "2.0.1",
      "license": "MIT",
      "dependencies": {
        "varint": "~5.0.0"
      }
    },
    "node_modules/siphash24": {
      "version": "1.1.1",
      "license": "MIT",
      "dependencies": {
        "nanoassert": "^1.0.0"
      }
    },
    "node_modules/siphash24/node_modules/nanoassert": {
      "version": "1.1.0",
      "license": "ISC"
    },
    "node_modules/sodium-javascript": {
      "version": "0.7.3",
      "license": "MIT",
      "dependencies": {
        "blake2b": "^2.1.1",
        "chacha20-universal": "^1.0.4",
        "nanoassert": "^2.0.0",
        "sha256-universal": "^1.1.0",
        "sha512-universal": "^1.1.0",
        "siphash24": "^1.0.1",
        "xsalsa20": "^1.0.0"
      }
    },
    "node_modules/sodium-native": {
      "version": "3.2.1",
      "hasInstallScript": true,
      "license": "MIT",
      "dependencies": {
        "ini": "^1.3.5",
        "node-gyp-build": "^4.2.0"
      }
    },
    "node_modules/sodium-universal": {
      "version": "3.0.4",
      "license": "MIT",
      "dependencies": {
        "blake2b": "^2.1.1",
        "chacha20-universal": "^1.0.4",
        "nanoassert": "^2.0.0",
        "resolve": "^1.17.0",
        "sha256-universal": "^1.1.0",
        "sha512-universal": "^1.1.0",
        "siphash24": "^1.0.1",
        "sodium-javascript": "~0.7.2",
        "sodium-native": "^3.2.0",
        "xsalsa20": "^1.0.0"
      }
    },
    "node_modules/speedometer": {
      "version": "1.1.0",
      "license": "MIT"
    },
    "node_modules/stream": {
      "version": "0.0.2",
      "license": "MIT",
      "dependencies": {
        "emitter-component": "^1.1.1"
      }
    },
    "node_modules/stream-collector": {
      "version": "1.0.1",
      "license": "MIT",
      "dependencies": {
        "once": "^1.3.1"
      }
    },
    "node_modules/string.prototype.trimend": {
      "version": "1.0.4",
      "license": "MIT",
      "dependencies": {
        "call-bind": "^1.0.2",
        "define-properties": "^1.1.3"
      },
      "funding": {
        "url": "https://github.com/sponsors/ljharb"
      }
    },
    "node_modules/string.prototype.trimstart": {
      "version": "1.0.4",
      "license": "MIT",
      "dependencies": {
        "call-bind": "^1.0.2",
        "define-properties": "^1.1.3"
      },
      "funding": {
        "url": "https://github.com/sponsors/ljharb"
      }
    },
    "node_modules/time-ordered-set": {
      "version": "1.0.2",
      "license": "MIT"
    },
    "node_modules/unbox-primitive": {
      "version": "1.0.1",
      "license": "MIT",
      "dependencies": {
        "function-bind": "^1.1.1",
        "has-bigints": "^1.0.1",
        "has-symbols": "^1.0.2",
        "which-boxed-primitive": "^1.0.2"
      },
      "funding": {
        "url": "https://github.com/sponsors/ljharb"
      }
    },
    "node_modules/util": {
      "version": "0.12.3",
      "license": "MIT",
      "dependencies": {
        "inherits": "^2.0.3",
        "is-arguments": "^1.0.4",
        "is-generator-function": "^1.0.7",
        "is-typed-array": "^1.1.3",
        "safe-buffer": "^5.1.2",
        "which-typed-array": "^1.1.2"
      }
    },
    "node_modules/varint": {
      "version": "5.0.0",
      "license": "MIT"
    },
    "node_modules/which-boxed-primitive": {
      "version": "1.0.2",
      "license": "MIT",
      "dependencies": {
        "is-bigint": "^1.0.1",
        "is-boolean-object": "^1.1.0",
        "is-number-object": "^1.0.4",
        "is-string": "^1.0.5",
        "is-symbol": "^1.0.3"
      },
      "funding": {
        "url": "https://github.com/sponsors/ljharb"
      }
    },
    "node_modules/which-typed-array": {
      "version": "1.1.4",
      "license": "MIT",
      "dependencies": {
        "available-typed-arrays": "^1.0.2",
        "call-bind": "^1.0.0",
        "es-abstract": "^1.18.0-next.1",
        "foreach": "^2.0.5",
        "function-bind": "^1.1.1",
        "has-symbols": "^1.0.1",
        "is-typed-array": "^1.1.3"
      },
      "engines": {
        "node": ">= 0.4"
      },
      "funding": {
        "url": "https://github.com/sponsors/ljharb"
      }
    },
    "node_modules/wrappy": {
      "version": "1.0.2",
      "license": "ISC"
    },
    "node_modules/xor-distance": {
      "version": "2.0.0",
      "license": "MIT"
    },
    "node_modules/xsalsa20": {
      "version": "1.1.0",
      "license": "MIT"
    }
  },
  "dependencies": {
    "@dswarm/dht": {
      "version": "1.0.1",
      "requires": {
        "@dswarm/dwebsign": "^1.0.0",
        "dht-rpc": "^4.8.0",
        "end-of-stream": "^1.4.1",
        "guard-timeout": "^2.0.0",
        "hashlru": "^2.3.0",
        "protocol-buffers-encodings": "^1.1.0",
        "record-cache": "^1.1.0",
        "sodium-native": "^3.1.1"
      }
    },
    "@dswarm/dwebsign": {
      "version": "1.0.0",
      "requires": {
        "sodium-native": "^3.1.1",
        "sodium-universal": "^3.0.4"
      }
    },
    "@uswarm/core": {
      "version": "0.0.1",
      "requires": {
        "@dswarm/dht": "^1.0.1",
        "@dswarm/dwebsign": "^1.0.0",
        "assert": "^2.0.0",
        "end-of-stream": "^1.4.4",
        "hashlru": "^2.3.0",
        "sodium-native": "^3.2.1",
        "stream": "^0.0.2"
      }
    },
    "array-filter": {
      "version": "1.0.0"
    },
    "assert": {
      "version": "2.0.0",
      "requires": {
        "es6-object-assign": "^1.1.0",
        "is-nan": "^1.2.1",
        "object-is": "^1.0.1",
        "util": "^0.12.0"
      }
    },
    "available-typed-arrays": {
      "version": "1.0.2",
      "requires": {
        "array-filter": "^1.0.0"
      }
    },
    "blake2b": {
      "version": "2.1.3",
      "requires": {
        "blake2b-wasm": "^1.1.0",
        "nanoassert": "^1.0.0"
      },
      "dependencies": {
        "nanoassert": {
          "version": "1.1.0"
        }
      }
    },
    "blake2b-universal": {
      "version": "1.0.1",
      "requires": {
        "blake2b": "^2.1.3",
        "sodium-native": "^3.0.1"
      }
    },
    "blake2b-wasm": {
      "version": "1.1.7",
      "requires": {
        "nanoassert": "^1.0.0"
      },
      "dependencies": {
        "nanoassert": {
          "version": "1.1.0"
        }
      }
    },
    "call-bind": {
      "version": "1.0.2",
      "requires": {
        "function-bind": "^1.1.1",
        "get-intrinsic": "^1.0.2"
      }
    },
    "chacha20-universal": {
      "version": "1.0.4",
      "requires": {
        "nanoassert": "^2.0.0"
      }
    },
    "codecs": {
      "version": "2.2.0"
    },
    "define-properties": {
      "version": "1.1.3",
      "requires": {
        "object-keys": "^1.0.12"
      }
    },
    "dht-rpc": {
      "version": "4.9.6",
      "requires": {
        "blake2b-universal": "^1.0.0",
        "codecs": "^2.0.0",
        "ipv4-peers": "^2.0.0",
        "k-bucket": "^5.0.0",
        "protocol-buffers-encodings": "^1.1.0",
        "sodium-native": "^3.1.1",
        "speedometer": "^1.1.0",
        "stream-collector": "^1.0.1",
        "time-ordered-set": "^1.0.1",
        "xor-distance": "^2.0.0"
      }
    },
    "emitter-component": {
      "version": "1.1.1"
    },
    "end-of-stream": {
      "version": "1.4.4",
      "requires": {
        "once": "^1.4.0"
      }
    },
    "es-abstract": {
      "version": "1.18.0",
      "requires": {
        "call-bind": "^1.0.2",
        "es-to-primitive": "^1.2.1",
        "function-bind": "^1.1.1",
        "get-intrinsic": "^1.1.1",
        "has": "^1.0.3",
        "has-symbols": "^1.0.2",
        "is-callable": "^1.2.3",
        "is-negative-zero": "^2.0.1",
        "is-regex": "^1.1.2",
        "is-string": "^1.0.5",
        "object-inspect": "^1.9.0",
        "object-keys": "^1.1.1",
        "object.assign": "^4.1.2",
        "string.prototype.trimend": "^1.0.4",
        "string.prototype.trimstart": "^1.0.4",
        "unbox-primitive": "^1.0.0"
      }
    },
    "es-to-primitive": {
      "version": "1.2.1",
      "requires": {
        "is-callable": "^1.1.4",
        "is-date-object": "^1.0.1",
        "is-symbol": "^1.0.2"
      }
    },
    "es6-object-assign": {
      "version": "1.1.0"
    },
    "events": {
      "version": "3.3.0",
      "resolved": "https://registry.npmjs.org/events/-/events-3.3.0.tgz",
      "integrity": "sha512-mQw+2fkQbALzQ7V0MY0IqdnXNOeTtP4r0lN9z7AAawCXgqea7bDii20AYrIBrFd/Hx0M2Ocz6S111CaFkUcb0Q=="
    },
    "foreach": {
      "version": "2.0.5"
    },
    "function-bind": {
      "version": "1.1.1"
    },
    "get-intrinsic": {
      "version": "1.1.1",
      "requires": {
        "function-bind": "^1.1.1",
        "has": "^1.0.3",
        "has-symbols": "^1.0.1"
      }
    },
    "guard-timeout": {
      "version": "2.0.0"
    },
    "has": {
      "version": "1.0.3",
      "requires": {
        "function-bind": "^1.1.1"
      }
    },
    "has-bigints": {
      "version": "1.0.1"
    },
    "has-symbols": {
      "version": "1.0.2"
    },
    "hashlru": {
      "version": "2.3.0"
    },
    "inherits": {
      "version": "2.0.4"
    },
    "ini": {
      "version": "1.3.8"
    },
    "ipv4-peers": {
      "version": "2.0.0"
    },
    "is-arguments": {
      "version": "1.1.0",
      "requires": {
        "call-bind": "^1.0.0"
      }
    },
    "is-bigint": {
      "version": "1.0.2"
    },
    "is-boolean-object": {
      "version": "1.1.1",
      "requires": {
        "call-bind": "^1.0.2"
      }
    },
    "is-callable": {
      "version": "1.2.3"
    },
    "is-core-module": {
      "version": "2.4.0",
      "requires": {
        "has": "^1.0.3"
      }
    },
    "is-date-object": {
      "version": "1.0.4"
    },
    "is-generator-function": {
      "version": "1.0.9"
    },
    "is-nan": {
      "version": "1.3.2",
      "requires": {
        "call-bind": "^1.0.0",
        "define-properties": "^1.1.3"
      }
    },
    "is-negative-zero": {
      "version": "2.0.1"
    },
    "is-number-object": {
      "version": "1.0.5"
    },
    "is-regex": {
      "version": "1.1.3",
      "requires": {
        "call-bind": "^1.0.2",
        "has-symbols": "^1.0.2"
      }
    },
    "is-string": {
      "version": "1.0.6"
    },
    "is-symbol": {
      "version": "1.0.4",
      "requires": {
        "has-symbols": "^1.0.2"
      }
    },
    "is-typed-array": {
      "version": "1.1.5",
      "requires": {
        "available-typed-arrays": "^1.0.2",
        "call-bind": "^1.0.2",
        "es-abstract": "^1.18.0-next.2",
        "foreach": "^2.0.5",
        "has-symbols": "^1.0.1"
      }
    },
    "k-bucket": {
      "version": "5.1.0",
      "requires": {
        "randombytes": "^2.1.0"
      }
    },
    "nanoassert": {
      "version": "2.0.0"
    },
    "node-gyp-build": {
      "version": "4.2.3"
    },
    "object-inspect": {
      "version": "1.10.3"
    },
    "object-is": {
      "version": "1.1.5",
      "requires": {
        "call-bind": "^1.0.2",
        "define-properties": "^1.1.3"
      }
    },
    "object-keys": {
      "version": "1.1.1"
    },
    "object.assign": {
      "version": "4.1.2",
      "requires": {
        "call-bind": "^1.0.0",
        "define-properties": "^1.1.3",
        "has-symbols": "^1.0.1",
        "object-keys": "^1.1.1"
      }
    },
    "once": {
      "version": "1.4.0",
      "requires": {
        "wrappy": "1"
      }
    },
    "path-parse": {
      "version": "1.0.6"
    },
    "protocol-buffers-encodings": {
      "version": "1.1.1",
      "requires": {
        "signed-varint": "^2.0.1",
        "varint": "5.0.0"
      }
    },
    "randombytes": {
      "version": "2.1.0",
      "requires": {
        "safe-buffer": "^5.1.0"
      }
    },
    "record-cache": {
      "version": "1.1.0"
    },
    "resolve": {
      "version": "1.20.0",
      "requires": {
        "is-core-module": "^2.2.0",
        "path-parse": "^1.0.6"
      }
    },
    "safe-buffer": {
      "version": "5.2.1"
    },
    "sha256-universal": {
      "version": "1.1.2",
      "requires": {
        "sha256-wasm": "^2.2.1"
      }
    },
    "sha256-wasm": {
      "version": "2.2.1",
      "requires": {
        "nanoassert": "^2.0.0"
      }
    },
    "sha512-universal": {
      "version": "1.1.2",
      "requires": {
        "sha512-wasm": "^2.3.1"
      }
    },
    "sha512-wasm": {
      "version": "2.3.1",
      "requires": {
        "nanoassert": "^2.0.0"
      }
    },
    "signed-varint": {
      "version": "2.0.1",
      "requires": {
        "varint": "~5.0.0"
      }
    },
    "siphash24": {
      "version": "1.1.1",
      "requires": {
        "nanoassert": "^1.0.0"
      },
      "dependencies": {
        "nanoassert": {
          "version": "1.1.0"
        }
      }
    },
    "sodium-javascript": {
      "version": "0.7.3",
      "requires": {
        "blake2b": "^2.1.1",
        "chacha20-universal": "^1.0.4",
        "nanoassert": "^2.0.0",
        "sha256-universal": "^1.1.0",
        "sha512-universal": "^1.1.0",
        "siphash24": "^1.0.1",
        "xsalsa20": "^1.0.0"
      }
    },
    "sodium-native": {
      "version": "3.2.1",
      "requires": {
        "ini": "^1.3.5",
        "node-gyp-build": "^4.2.0"
      }
    },
    "sodium-universal": {
      "version": "3.0.4",
      "requires": {
        "blake2b": "^2.1.1",
        "chacha20-universal": "^1.0.4",
        "nanoassert": "^2.0.0",
        "resolve": "^1.17.0",
        "sha256-universal": "^1.1.0",
        "sha512-universal": "^1.1.0",
        "siphash24": "^1.0.1",
        "sodium-javascript": "~0.7.2",
        "sodium-native": "^3.2.0",
        "xsalsa20": "^1.0.0"
      }
    },
    "speedometer": {
      "version": "1.1.0"
    },
    "stream": {
      "version": "0.0.2",
      "requires": {
        "emitter-component": "^1.1.1"
      }
    },
    "stream-collector": {
      "version": "1.0.1",
      "requires": {
        "once": "^1.3.1"
      }
    },
    "string.prototype.trimend": {
      "version": "1.0.4",
      "requires": {
        "call-bind": "^1.0.2",
        "define-properties": "^1.1.3"
      }
    },
    "string.prototype.trimstart": {
      "version": "1.0.4",
      "requires": {
        "call-bind": "^1.0.2",
        "define-properties": "^1.1.3"
      }
    },
    "time-ordered-set": {
      "version": "1.0.2"
    },
    "unbox-primitive": {
      "version": "1.0.1",
      "requires": {
        "function-bind": "^1.1.1",
        "has-bigints": "^1.0.1",
        "has-symbols": "^1.0.2",
        "which-boxed-primitive": "^1.0.2"
      }
    },
    "util": {
      "version": "0.12.3",
      "requires": {
        "inherits": "^2.0.3",
        "is-arguments": "^1.0.4",
        "is-generator-function": "^1.0.7",
        "is-typed-array": "^1.1.3",
        "safe-buffer": "^5.1.2",
        "which-typed-array": "^1.1.2"
      }
    },
    "varint": {
      "version": "5.0.0"
    },
    "which-boxed-primitive": {
      "version": "1.0.2",
      "requires": {
        "is-bigint": "^1.0.1",
        "is-boolean-object": "^1.1.0",
        "is-number-object": "^1.0.4",
        "is-string": "^1.0.5",
        "is-symbol": "^1.0.3"
      }
    },
    "which-typed-array": {
      "version": "1.1.4",
      "requires": {
        "available-typed-arrays": "^1.0.2",
        "call-bind": "^1.0.0",
        "es-abstract": "^1.18.0-next.1",
        "foreach": "^2.0.5",
        "function-bind": "^1.1.1",
        "has-symbols": "^1.0.1",
        "is-typed-array": "^1.1.3"
      }
    },
    "wrappy": {
      "version": "1.0.2"
    },
    "xor-distance": {
      "version": "2.0.0"
    },
    "xsalsa20": {
      "version": "1.1.0"
    }
  }
}
